// !$*UTF8*$!
{
	archiveVersion = 1;
	classes = {
	};
	objectVersion = 51;
	objects = {

/* Begin PBXBuildFile section */
		11D1810EB9BC92CE6F2E2281 /* Pods_Covid_19_Tracker.framework in Frameworks */ = {isa = PBXBuildFile; fileRef = 718DE903172EF188C7D29028 /* Pods_Covid_19_Tracker.framework */; };
		2505D28E2442441F0001EF44 /* CountryCases.swift in Sources */ = {isa = PBXBuildFile; fileRef = 2505D28D2442441F0001EF44 /* CountryCases.swift */; };
		2505D29224424A5C0001EF44 /* URLSessionNetworkManager.swift in Sources */ = {isa = PBXBuildFile; fileRef = 2505D29124424A5C0001EF44 /* URLSessionNetworkManager.swift */; };
		2505D294244256820001EF44 /* HomeViewModel.swift in Sources */ = {isa = PBXBuildFile; fileRef = 2505D293244256820001EF44 /* HomeViewModel.swift */; };
		2505D29824432A6D0001EF44 /* UIViewController+Ext.swift in Sources */ = {isa = PBXBuildFile; fileRef = 2505D29724432A6D0001EF44 /* UIViewController+Ext.swift */; };
		2505D29A24433FCD0001EF44 /* UICollectionViewController+Ext.swift in Sources */ = {isa = PBXBuildFile; fileRef = 2505D29924433FCD0001EF44 /* UICollectionViewController+Ext.swift */; };
		2505D29C244377990001EF44 /* WorldCasesCollectionViewController.swift in Sources */ = {isa = PBXBuildFile; fileRef = 2505D29B244377990001EF44 /* WorldCasesCollectionViewController.swift */; };
		2505D29F244384ED0001EF44 /* CountryCasesHeaderViewModelItem.swift in Sources */ = {isa = PBXBuildFile; fileRef = 2505D29E244384ED0001EF44 /* CountryCasesHeaderViewModelItem.swift */; };
		2505D2A1244385050001EF44 /* CountryCaseTypeViewModelItem.swift in Sources */ = {isa = PBXBuildFile; fileRef = 2505D2A0244385050001EF44 /* CountryCaseTypeViewModelItem.swift */; };
		2505D2A42443887D0001EF44 /* WorldCasesViewModel.swift in Sources */ = {isa = PBXBuildFile; fileRef = 2505D2A32443887D0001EF44 /* WorldCasesViewModel.swift */; };
		2505D2AA24438CCA0001EF44 /* Int+Ext.swift in Sources */ = {isa = PBXBuildFile; fileRef = 2505D2A924438CCA0001EF44 /* Int+Ext.swift */; };
		2505D2AE2443ACB90001EF44 /* CountryCollectionViewCell.swift in Sources */ = {isa = PBXBuildFile; fileRef = 2505D2AD2443ACB90001EF44 /* CountryCollectionViewCell.swift */; };
		2505D2B22443BF250001EF44 /* AvatarImageView.swift in Sources */ = {isa = PBXBuildFile; fileRef = 2505D2B12443BF250001EF44 /* AvatarImageView.swift */; };
		2524FE7E2440C381007ECF56 /* ChartHeaderCell.swift in Sources */ = {isa = PBXBuildFile; fileRef = 2524FE7D2440C381007ECF56 /* ChartHeaderCell.swift */; };
		2524FE802440EB75007ECF56 /* TotalTypesCasesCell.swift in Sources */ = {isa = PBXBuildFile; fileRef = 2524FE7F2440EB75007ECF56 /* TotalTypesCasesCell.swift */; };
		2524FE822440ED52007ECF56 /* UIView+Ext.swift in Sources */ = {isa = PBXBuildFile; fileRef = 2524FE812440ED52007ECF56 /* UIView+Ext.swift */; };
		252793AF2806F85F0044CA1A /* HomePresenter.swift in Sources */ = {isa = PBXBuildFile; fileRef = 252793AE2806F85F0044CA1A /* HomePresenter.swift */; };
		252793B12806F8D50044CA1A /* LoadingViewModel.swift in Sources */ = {isa = PBXBuildFile; fileRef = 252793B02806F8D50044CA1A /* LoadingViewModel.swift */; };
		252793B32806F9070044CA1A /* AlertViewModel.swift in Sources */ = {isa = PBXBuildFile; fileRef = 252793B22806F9070044CA1A /* AlertViewModel.swift */; };
		252793B62806F9350044CA1A /* LoadingView.swift in Sources */ = {isa = PBXBuildFile; fileRef = 252793B52806F9350044CA1A /* LoadingView.swift */; };
		252793B82806F9480044CA1A /* AlertView.swift in Sources */ = {isa = PBXBuildFile; fileRef = 252793B72806F9480044CA1A /* AlertView.swift */; };
		252793BA2806F9570044CA1A /* HomeView.swift in Sources */ = {isa = PBXBuildFile; fileRef = 252793B92806F9570044CA1A /* HomeView.swift */; };
		2546838324422467009E238A /* ChartsDetailView.swift in Sources */ = {isa = PBXBuildFile; fileRef = 2546838224422467009E238A /* ChartsDetailView.swift */; };
		25468385244224A2009E238A /* ChartsDetailBar.swift in Sources */ = {isa = PBXBuildFile; fileRef = 25468384244224A2009E238A /* ChartsDetailBar.swift */; };
		2546838B24422E71009E238A /* Enum.swift in Sources */ = {isa = PBXBuildFile; fileRef = 2546838A24422E71009E238A /* Enum.swift */; };
		2546838D24423E27009E238A /* ErrorMessages.swift in Sources */ = {isa = PBXBuildFile; fileRef = 2546838C24423E27009E238A /* ErrorMessages.swift */; };
		25468393244242E2009E238A /* WorldCases.swift in Sources */ = {isa = PBXBuildFile; fileRef = 25468392244242E2009E238A /* WorldCases.swift */; };
		256111E52800A07F003A6B75 /* URLSessionHttpClientTests.swift in Sources */ = {isa = PBXBuildFile; fileRef = 256111E42800A07F003A6B75 /* URLSessionHttpClientTests.swift */; };
		256111E82800A43B003A6B75 /* HttpError.swift in Sources */ = {isa = PBXBuildFile; fileRef = 256111E72800A43B003A6B75 /* HttpError.swift */; };
		2586C6282805AD9500505400 /* LoadRemoteBrazilianCases.swift in Sources */ = {isa = PBXBuildFile; fileRef = 2586C6272805AD9500505400 /* LoadRemoteBrazilianCases.swift */; };
		2586C62C2805ADD100505400 /* CountryCasesLoader.swift in Sources */ = {isa = PBXBuildFile; fileRef = 2586C62B2805ADD100505400 /* CountryCasesLoader.swift */; };
		2586C6312805AE3500505400 /* TestHelpers.swift in Sources */ = {isa = PBXBuildFile; fileRef = 2586C6302805AE3500505400 /* TestHelpers.swift */; };
		2586C6342805AE5900505400 /* CountryCases+TestHelpers.swift in Sources */ = {isa = PBXBuildFile; fileRef = 2586C6332805AE5900505400 /* CountryCases+TestHelpers.swift */; };
		2586C6372805AE8900505400 /* HttpClientSpy.swift in Sources */ = {isa = PBXBuildFile; fileRef = 2586C6362805AE8900505400 /* HttpClientSpy.swift */; };
		2586C63A2805E66400505400 /* HomePresenterTests.swift in Sources */ = {isa = PBXBuildFile; fileRef = 2586C6392805E66400505400 /* HomePresenterTests.swift */; };
		2586C63C2805E68C00505400 /* XCTestCase+MemoryLeak.swift in Sources */ = {isa = PBXBuildFile; fileRef = 2586C63B2805E68C00505400 /* XCTestCase+MemoryLeak.swift */; };
		258C1C5928C7AF9100968D7F /* LoadWorldCases.swift in Sources */ = {isa = PBXBuildFile; fileRef = 258C1C5828C7AF9100968D7F /* LoadWorldCases.swift */; };
		258C1C5C28C7B10800968D7F /* LoadAllCountriesCases.swift in Sources */ = {isa = PBXBuildFile; fileRef = 258C1C5B28C7B10800968D7F /* LoadAllCountriesCases.swift */; };
		258C1C6028C7B1EB00968D7F /* LoadWorldCasesTests.swift in Sources */ = {isa = PBXBuildFile; fileRef = 258C1C5F28C7B1EB00968D7F /* LoadWorldCasesTests.swift */; };
		258C1C6228C7BBDE00968D7F /* LoadAllCountriesCasesTests.swift in Sources */ = {isa = PBXBuildFile; fileRef = 258C1C6128C7BBDE00968D7F /* LoadAllCountriesCasesTests.swift */; };
		258C1C6528C8B34A00968D7F /* WorldCasesWithCountriesLoader.swift in Sources */ = {isa = PBXBuildFile; fileRef = 258C1C6428C8B34A00968D7F /* WorldCasesWithCountriesLoader.swift */; };
		258C1C6728C8B39400968D7F /* AllCases.swift in Sources */ = {isa = PBXBuildFile; fileRef = 258C1C6628C8B39400968D7F /* AllCases.swift */; };
		258C1C6A28C910A400968D7F /* LoadAllCases.swift in Sources */ = {isa = PBXBuildFile; fileRef = 258C1C6928C910A400968D7F /* LoadAllCases.swift */; };
		258C1C6C28C91AD400968D7F /* LoadAllCasesTests.swift in Sources */ = {isa = PBXBuildFile; fileRef = 258C1C6B28C91AD400968D7F /* LoadAllCasesTests.swift */; };
		258C1C6F28CA5CFE00968D7F /* WorldCasesPresenterTests.swift in Sources */ = {isa = PBXBuildFile; fileRef = 258C1C6E28CA5CFE00968D7F /* WorldCasesPresenterTests.swift */; };
		258C1C7328CB9B4C00968D7F /* CountryCasesCellController.swift in Sources */ = {isa = PBXBuildFile; fileRef = 258C1C7228CB9B4C00968D7F /* CountryCasesCellController.swift */; };
		258C1C7628CBA4A300968D7F /* WorldCasesViewControllerFactory.swift in Sources */ = {isa = PBXBuildFile; fileRef = 258C1C7528CBA4A300968D7F /* WorldCasesViewControllerFactory.swift */; };
		25AE9C312440AD410093F3E2 /* CodeView.swift in Sources */ = {isa = PBXBuildFile; fileRef = 25AE9C302440AD410093F3E2 /* CodeView.swift */; };
		25C47F7A24408F5500A4F91F /* AppDelegate.swift in Sources */ = {isa = PBXBuildFile; fileRef = 25C47F7924408F5500A4F91F /* AppDelegate.swift */; };
		25C47F7C24408F5500A4F91F /* SceneDelegate.swift in Sources */ = {isa = PBXBuildFile; fileRef = 25C47F7B24408F5500A4F91F /* SceneDelegate.swift */; };
		25C47F7E24408F5500A4F91F /* HomeViewController.swift in Sources */ = {isa = PBXBuildFile; fileRef = 25C47F7D24408F5500A4F91F /* HomeViewController.swift */; };
		25C47F8324408F5900A4F91F /* Assets.xcassets in Resources */ = {isa = PBXBuildFile; fileRef = 25C47F8224408F5900A4F91F /* Assets.xcassets */; };
		25C47F8624408F5900A4F91F /* LaunchScreen.storyboard in Resources */ = {isa = PBXBuildFile; fileRef = 25C47F8424408F5900A4F91F /* LaunchScreen.storyboard */; };
		25C47F8E24408FDF00A4F91F /* MainTabBarController.swift in Sources */ = {isa = PBXBuildFile; fileRef = 25C47F8D24408FDF00A4F91F /* MainTabBarController.swift */; };
		25CF204928CF687700D051D5 /* ImageLoader.swift in Sources */ = {isa = PBXBuildFile; fileRef = 25CF204828CF687700D051D5 /* ImageLoader.swift */; };
		25CF204B28CF6EEA00D051D5 /* RemoteImageLoader.swift in Sources */ = {isa = PBXBuildFile; fileRef = 25CF204A28CF6EEA00D051D5 /* RemoteImageLoader.swift */; };
		25CF204D28CF8BA500D051D5 /* RemoteImageLoaderTests.swift in Sources */ = {isa = PBXBuildFile; fileRef = 25CF204C28CF8BA500D051D5 /* RemoteImageLoaderTests.swift */; };
		25CF204F28CF98C600D051D5 /* CountryCasesCellPresenter.swift in Sources */ = {isa = PBXBuildFile; fileRef = 25CF204E28CF98C600D051D5 /* CountryCasesCellPresenter.swift */; };
		25CF205128CFA6DD00D051D5 /* CountryCasesCellPresenterTests.swift in Sources */ = {isa = PBXBuildFile; fileRef = 25CF205028CFA6DD00D051D5 /* CountryCasesCellPresenterTests.swift */; };
		25CF205428CFC29C00D051D5 /* UIImage+TestsHelpers.swift in Sources */ = {isa = PBXBuildFile; fileRef = 25CF205328CFC29C00D051D5 /* UIImage+TestsHelpers.swift */; };
		25D9AF7424409823006BD732 /* Colors.xcassets in Resources */ = {isa = PBXBuildFile; fileRef = 25D9AF7324409823006BD732 /* Colors.xcassets */; };
		25D9AF7C2440A889006BD732 /* CustomNavigationController.swift in Sources */ = {isa = PBXBuildFile; fileRef = 25D9AF7B2440A889006BD732 /* CustomNavigationController.swift */; };
		3815ED7E2803579B0074EF3F /* LoadRemoteBrazilianCasesTests.swift in Sources */ = {isa = PBXBuildFile; fileRef = 3815ED7D2803579B0074EF3F /* LoadRemoteBrazilianCasesTests.swift */; };
		38C18EB128C9766B008C489F /* WorldCasesPresenter.swift in Sources */ = {isa = PBXBuildFile; fileRef = 38C18EB028C9766B008C489F /* WorldCasesPresenter.swift */; };
		38C18EB528CC0ACF008C489F /* UIViewController+AlertTests.swift in Sources */ = {isa = PBXBuildFile; fileRef = 38C18EB428CC0ACF008C489F /* UIViewController+AlertTests.swift */; };
		38C18EB928CC99A7008C489F /* WorldCasesCollectionControllerUIIntegrationTests.swift in Sources */ = {isa = PBXBuildFile; fileRef = 38C18EB828CC99A7008C489F /* WorldCasesCollectionControllerUIIntegrationTests.swift */; };
		38E3564228C540EB00D5FB4D /* WorldCasesLoader.swift in Sources */ = {isa = PBXBuildFile; fileRef = 38E3564128C540EA00D5FB4D /* WorldCasesLoader.swift */; };
		38E3564428C5416400D5FB4D /* AllCountriesLoader.swift in Sources */ = {isa = PBXBuildFile; fileRef = 38E3564328C5416400D5FB4D /* AllCountriesLoader.swift */; };
		38FC765928066ECC00089A48 /* CountryCasesViewModelMapper.swift in Sources */ = {isa = PBXBuildFile; fileRef = 38FC765828066ECC00089A48 /* CountryCasesViewModelMapper.swift */; };
		38FC765C2807A69900089A48 /* MainQueueDispatchDecorator.swift in Sources */ = {isa = PBXBuildFile; fileRef = 38FC765B2807A69900089A48 /* MainQueueDispatchDecorator.swift */; };
		38FC765E2807A6B600089A48 /* WeakRefVirtualProxy.swift in Sources */ = {isa = PBXBuildFile; fileRef = 38FC765D2807A6B600089A48 /* WeakRefVirtualProxy.swift */; };
		38FC76612807A7B500089A48 /* HomeControllerFactory.swift in Sources */ = {isa = PBXBuildFile; fileRef = 38FC76602807A7B500089A48 /* HomeControllerFactory.swift */; };
		38FC766628097BA200089A48 /* TotalTypesCasesCellController.swift in Sources */ = {isa = PBXBuildFile; fileRef = 38FC766528097BA200089A48 /* TotalTypesCasesCellController.swift */; };
		38FC766828098B2200089A48 /* ChartHeaderCellController.swift in Sources */ = {isa = PBXBuildFile; fileRef = 38FC766728098B2200089A48 /* ChartHeaderCellController.swift */; };
		38FC766C280ACC2E00089A48 /* HomeViewControllerIntegrationTests.swift in Sources */ = {isa = PBXBuildFile; fileRef = 38FC766B280ACC2E00089A48 /* HomeViewControllerIntegrationTests.swift */; };
		38FC766E280ACCF600089A48 /* LoadCountryCasesSpy.swift in Sources */ = {isa = PBXBuildFile; fileRef = 38FC766D280ACCF600089A48 /* LoadCountryCasesSpy.swift */; };
/* End PBXBuildFile section */

/* Begin PBXContainerItemProxy section */
		256111DD28009EDE003A6B75 /* PBXContainerItemProxy */ = {
			isa = PBXContainerItemProxy;
			containerPortal = 25C47F6E24408F5500A4F91F /* Project object */;
			proxyType = 1;
			remoteGlobalIDString = 25C47F7524408F5500A4F91F;
			remoteInfo = "Covid-19 Tracker";
		};
/* End PBXContainerItemProxy section */

/* Begin PBXFileReference section */
		2505D28D2442441F0001EF44 /* CountryCases.swift */ = {isa = PBXFileReference; lastKnownFileType = sourcecode.swift; path = CountryCases.swift; sourceTree = "<group>"; };
		2505D29124424A5C0001EF44 /* URLSessionNetworkManager.swift */ = {isa = PBXFileReference; lastKnownFileType = sourcecode.swift; path = URLSessionNetworkManager.swift; sourceTree = "<group>"; };
		2505D293244256820001EF44 /* HomeViewModel.swift */ = {isa = PBXFileReference; lastKnownFileType = sourcecode.swift; path = HomeViewModel.swift; sourceTree = "<group>"; };
		2505D29724432A6D0001EF44 /* UIViewController+Ext.swift */ = {isa = PBXFileReference; fileEncoding = 4; lastKnownFileType = sourcecode.swift; path = "UIViewController+Ext.swift"; sourceTree = "<group>"; };
		2505D29924433FCD0001EF44 /* UICollectionViewController+Ext.swift */ = {isa = PBXFileReference; fileEncoding = 4; lastKnownFileType = sourcecode.swift; path = "UICollectionViewController+Ext.swift"; sourceTree = "<group>"; };
		2505D29B244377990001EF44 /* WorldCasesCollectionViewController.swift */ = {isa = PBXFileReference; lastKnownFileType = sourcecode.swift; path = WorldCasesCollectionViewController.swift; sourceTree = "<group>"; };
		2505D29E244384ED0001EF44 /* CountryCasesHeaderViewModelItem.swift */ = {isa = PBXFileReference; lastKnownFileType = sourcecode.swift; path = CountryCasesHeaderViewModelItem.swift; sourceTree = "<group>"; };
		2505D2A0244385050001EF44 /* CountryCaseTypeViewModelItem.swift */ = {isa = PBXFileReference; lastKnownFileType = sourcecode.swift; path = CountryCaseTypeViewModelItem.swift; sourceTree = "<group>"; };
		2505D2A32443887D0001EF44 /* WorldCasesViewModel.swift */ = {isa = PBXFileReference; lastKnownFileType = sourcecode.swift; path = WorldCasesViewModel.swift; sourceTree = "<group>"; };
		2505D2A924438CCA0001EF44 /* Int+Ext.swift */ = {isa = PBXFileReference; lastKnownFileType = sourcecode.swift; path = "Int+Ext.swift"; sourceTree = "<group>"; };
		2505D2AD2443ACB90001EF44 /* CountryCollectionViewCell.swift */ = {isa = PBXFileReference; lastKnownFileType = sourcecode.swift; path = CountryCollectionViewCell.swift; sourceTree = "<group>"; };
		2505D2B12443BF250001EF44 /* AvatarImageView.swift */ = {isa = PBXFileReference; fileEncoding = 4; lastKnownFileType = sourcecode.swift; path = AvatarImageView.swift; sourceTree = "<group>"; };
		2524FE7D2440C381007ECF56 /* ChartHeaderCell.swift */ = {isa = PBXFileReference; lastKnownFileType = sourcecode.swift; path = ChartHeaderCell.swift; sourceTree = "<group>"; };
		2524FE7F2440EB75007ECF56 /* TotalTypesCasesCell.swift */ = {isa = PBXFileReference; lastKnownFileType = sourcecode.swift; path = TotalTypesCasesCell.swift; sourceTree = "<group>"; };
		2524FE812440ED52007ECF56 /* UIView+Ext.swift */ = {isa = PBXFileReference; fileEncoding = 4; lastKnownFileType = sourcecode.swift; path = "UIView+Ext.swift"; sourceTree = "<group>"; };
		252793AE2806F85F0044CA1A /* HomePresenter.swift */ = {isa = PBXFileReference; lastKnownFileType = sourcecode.swift; path = HomePresenter.swift; sourceTree = "<group>"; };
		252793B02806F8D50044CA1A /* LoadingViewModel.swift */ = {isa = PBXFileReference; lastKnownFileType = sourcecode.swift; path = LoadingViewModel.swift; sourceTree = "<group>"; };
		252793B22806F9070044CA1A /* AlertViewModel.swift */ = {isa = PBXFileReference; lastKnownFileType = sourcecode.swift; path = AlertViewModel.swift; sourceTree = "<group>"; };
		252793B52806F9350044CA1A /* LoadingView.swift */ = {isa = PBXFileReference; lastKnownFileType = sourcecode.swift; path = LoadingView.swift; sourceTree = "<group>"; };
		252793B72806F9480044CA1A /* AlertView.swift */ = {isa = PBXFileReference; lastKnownFileType = sourcecode.swift; path = AlertView.swift; sourceTree = "<group>"; };
		252793B92806F9570044CA1A /* HomeView.swift */ = {isa = PBXFileReference; lastKnownFileType = sourcecode.swift; path = HomeView.swift; sourceTree = "<group>"; };
		2546838224422467009E238A /* ChartsDetailView.swift */ = {isa = PBXFileReference; lastKnownFileType = sourcecode.swift; path = ChartsDetailView.swift; sourceTree = "<group>"; };
		25468384244224A2009E238A /* ChartsDetailBar.swift */ = {isa = PBXFileReference; lastKnownFileType = sourcecode.swift; path = ChartsDetailBar.swift; sourceTree = "<group>"; };
		2546838A24422E71009E238A /* Enum.swift */ = {isa = PBXFileReference; lastKnownFileType = sourcecode.swift; path = Enum.swift; sourceTree = "<group>"; };
		2546838C24423E27009E238A /* ErrorMessages.swift */ = {isa = PBXFileReference; lastKnownFileType = sourcecode.swift; path = ErrorMessages.swift; sourceTree = "<group>"; };
		25468392244242E2009E238A /* WorldCases.swift */ = {isa = PBXFileReference; lastKnownFileType = sourcecode.swift; path = WorldCases.swift; sourceTree = "<group>"; };
		256111D928009EDE003A6B75 /* Covid-19 TrackerTests.xctest */ = {isa = PBXFileReference; explicitFileType = wrapper.cfbundle; includeInIndex = 0; path = "Covid-19 TrackerTests.xctest"; sourceTree = BUILT_PRODUCTS_DIR; };
		256111E42800A07F003A6B75 /* URLSessionHttpClientTests.swift */ = {isa = PBXFileReference; lastKnownFileType = sourcecode.swift; path = URLSessionHttpClientTests.swift; sourceTree = "<group>"; };
		256111E72800A43B003A6B75 /* HttpError.swift */ = {isa = PBXFileReference; lastKnownFileType = sourcecode.swift; path = HttpError.swift; sourceTree = "<group>"; };
		2586C6272805AD9500505400 /* LoadRemoteBrazilianCases.swift */ = {isa = PBXFileReference; lastKnownFileType = sourcecode.swift; path = LoadRemoteBrazilianCases.swift; sourceTree = "<group>"; };
		2586C62B2805ADD100505400 /* CountryCasesLoader.swift */ = {isa = PBXFileReference; lastKnownFileType = sourcecode.swift; path = CountryCasesLoader.swift; sourceTree = "<group>"; };
		2586C6302805AE3500505400 /* TestHelpers.swift */ = {isa = PBXFileReference; lastKnownFileType = sourcecode.swift; path = TestHelpers.swift; sourceTree = "<group>"; };
		2586C6332805AE5900505400 /* CountryCases+TestHelpers.swift */ = {isa = PBXFileReference; lastKnownFileType = sourcecode.swift; path = "CountryCases+TestHelpers.swift"; sourceTree = "<group>"; };
		2586C6362805AE8900505400 /* HttpClientSpy.swift */ = {isa = PBXFileReference; lastKnownFileType = sourcecode.swift; path = HttpClientSpy.swift; sourceTree = "<group>"; };
		2586C6392805E66400505400 /* HomePresenterTests.swift */ = {isa = PBXFileReference; lastKnownFileType = sourcecode.swift; path = HomePresenterTests.swift; sourceTree = "<group>"; };
		2586C63B2805E68C00505400 /* XCTestCase+MemoryLeak.swift */ = {isa = PBXFileReference; lastKnownFileType = sourcecode.swift; path = "XCTestCase+MemoryLeak.swift"; sourceTree = "<group>"; };
		258C1C5828C7AF9100968D7F /* LoadWorldCases.swift */ = {isa = PBXFileReference; lastKnownFileType = sourcecode.swift; path = LoadWorldCases.swift; sourceTree = "<group>"; };
		258C1C5B28C7B10800968D7F /* LoadAllCountriesCases.swift */ = {isa = PBXFileReference; lastKnownFileType = sourcecode.swift; path = LoadAllCountriesCases.swift; sourceTree = "<group>"; };
		258C1C5F28C7B1EB00968D7F /* LoadWorldCasesTests.swift */ = {isa = PBXFileReference; lastKnownFileType = sourcecode.swift; path = LoadWorldCasesTests.swift; sourceTree = "<group>"; };
		258C1C6128C7BBDE00968D7F /* LoadAllCountriesCasesTests.swift */ = {isa = PBXFileReference; lastKnownFileType = sourcecode.swift; path = LoadAllCountriesCasesTests.swift; sourceTree = "<group>"; };
		258C1C6428C8B34A00968D7F /* WorldCasesWithCountriesLoader.swift */ = {isa = PBXFileReference; lastKnownFileType = sourcecode.swift; path = WorldCasesWithCountriesLoader.swift; sourceTree = "<group>"; };
		258C1C6628C8B39400968D7F /* AllCases.swift */ = {isa = PBXFileReference; lastKnownFileType = sourcecode.swift; path = AllCases.swift; sourceTree = "<group>"; };
		258C1C6928C910A400968D7F /* LoadAllCases.swift */ = {isa = PBXFileReference; lastKnownFileType = sourcecode.swift; path = LoadAllCases.swift; sourceTree = "<group>"; };
		258C1C6B28C91AD400968D7F /* LoadAllCasesTests.swift */ = {isa = PBXFileReference; lastKnownFileType = sourcecode.swift; path = LoadAllCasesTests.swift; sourceTree = "<group>"; };
		258C1C6E28CA5CFE00968D7F /* WorldCasesPresenterTests.swift */ = {isa = PBXFileReference; lastKnownFileType = sourcecode.swift; path = WorldCasesPresenterTests.swift; sourceTree = "<group>"; };
		258C1C7228CB9B4C00968D7F /* CountryCasesCellController.swift */ = {isa = PBXFileReference; lastKnownFileType = sourcecode.swift; path = CountryCasesCellController.swift; sourceTree = "<group>"; };
		258C1C7528CBA4A300968D7F /* WorldCasesViewControllerFactory.swift */ = {isa = PBXFileReference; lastKnownFileType = sourcecode.swift; path = WorldCasesViewControllerFactory.swift; sourceTree = "<group>"; };
		25AE9C302440AD410093F3E2 /* CodeView.swift */ = {isa = PBXFileReference; lastKnownFileType = sourcecode.swift; path = CodeView.swift; sourceTree = "<group>"; };
		25C47F7624408F5500A4F91F /* Covid-19 Tracker.app */ = {isa = PBXFileReference; explicitFileType = wrapper.application; includeInIndex = 0; path = "Covid-19 Tracker.app"; sourceTree = BUILT_PRODUCTS_DIR; };
		25C47F7924408F5500A4F91F /* AppDelegate.swift */ = {isa = PBXFileReference; lastKnownFileType = sourcecode.swift; path = AppDelegate.swift; sourceTree = "<group>"; };
		25C47F7B24408F5500A4F91F /* SceneDelegate.swift */ = {isa = PBXFileReference; lastKnownFileType = sourcecode.swift; path = SceneDelegate.swift; sourceTree = "<group>"; };
		25C47F7D24408F5500A4F91F /* HomeViewController.swift */ = {isa = PBXFileReference; lastKnownFileType = sourcecode.swift; path = HomeViewController.swift; sourceTree = "<group>"; };
		25C47F8224408F5900A4F91F /* Assets.xcassets */ = {isa = PBXFileReference; lastKnownFileType = folder.assetcatalog; path = Assets.xcassets; sourceTree = "<group>"; };
		25C47F8524408F5900A4F91F /* Base */ = {isa = PBXFileReference; lastKnownFileType = file.storyboard; name = Base; path = Base.lproj/LaunchScreen.storyboard; sourceTree = "<group>"; };
		25C47F8724408F5900A4F91F /* Info.plist */ = {isa = PBXFileReference; lastKnownFileType = text.plist.xml; path = Info.plist; sourceTree = "<group>"; };
		25C47F8D24408FDF00A4F91F /* MainTabBarController.swift */ = {isa = PBXFileReference; lastKnownFileType = sourcecode.swift; path = MainTabBarController.swift; sourceTree = "<group>"; };
		25CF204828CF687700D051D5 /* ImageLoader.swift */ = {isa = PBXFileReference; lastKnownFileType = sourcecode.swift; path = ImageLoader.swift; sourceTree = "<group>"; };
		25CF204A28CF6EEA00D051D5 /* RemoteImageLoader.swift */ = {isa = PBXFileReference; lastKnownFileType = sourcecode.swift; path = RemoteImageLoader.swift; sourceTree = "<group>"; };
		25CF204C28CF8BA500D051D5 /* RemoteImageLoaderTests.swift */ = {isa = PBXFileReference; lastKnownFileType = sourcecode.swift; path = RemoteImageLoaderTests.swift; sourceTree = "<group>"; };
		25CF204E28CF98C600D051D5 /* CountryCasesCellPresenter.swift */ = {isa = PBXFileReference; lastKnownFileType = sourcecode.swift; path = CountryCasesCellPresenter.swift; sourceTree = "<group>"; };
		25CF205028CFA6DD00D051D5 /* CountryCasesCellPresenterTests.swift */ = {isa = PBXFileReference; lastKnownFileType = sourcecode.swift; path = CountryCasesCellPresenterTests.swift; sourceTree = "<group>"; };
		25CF205328CFC29C00D051D5 /* UIImage+TestsHelpers.swift */ = {isa = PBXFileReference; lastKnownFileType = sourcecode.swift; path = "UIImage+TestsHelpers.swift"; sourceTree = "<group>"; };
		25D9AF7324409823006BD732 /* Colors.xcassets */ = {isa = PBXFileReference; lastKnownFileType = folder.assetcatalog; path = Colors.xcassets; sourceTree = "<group>"; };
		25D9AF7B2440A889006BD732 /* CustomNavigationController.swift */ = {isa = PBXFileReference; lastKnownFileType = sourcecode.swift; path = CustomNavigationController.swift; sourceTree = "<group>"; };
		3815ED7D2803579B0074EF3F /* LoadRemoteBrazilianCasesTests.swift */ = {isa = PBXFileReference; lastKnownFileType = sourcecode.swift; path = LoadRemoteBrazilianCasesTests.swift; sourceTree = "<group>"; };
		38C18EB028C9766B008C489F /* WorldCasesPresenter.swift */ = {isa = PBXFileReference; lastKnownFileType = sourcecode.swift; path = WorldCasesPresenter.swift; sourceTree = "<group>"; };
		38C18EB428CC0ACF008C489F /* UIViewController+AlertTests.swift */ = {isa = PBXFileReference; lastKnownFileType = sourcecode.swift; path = "UIViewController+AlertTests.swift"; sourceTree = "<group>"; };
		38C18EB828CC99A7008C489F /* WorldCasesCollectionControllerUIIntegrationTests.swift */ = {isa = PBXFileReference; lastKnownFileType = sourcecode.swift; path = WorldCasesCollectionControllerUIIntegrationTests.swift; sourceTree = "<group>"; };
		38E3564128C540EA00D5FB4D /* WorldCasesLoader.swift */ = {isa = PBXFileReference; lastKnownFileType = sourcecode.swift; path = WorldCasesLoader.swift; sourceTree = "<group>"; };
		38E3564328C5416400D5FB4D /* AllCountriesLoader.swift */ = {isa = PBXFileReference; lastKnownFileType = sourcecode.swift; path = AllCountriesLoader.swift; sourceTree = "<group>"; };
		38FC765828066ECC00089A48 /* CountryCasesViewModelMapper.swift */ = {isa = PBXFileReference; lastKnownFileType = sourcecode.swift; path = CountryCasesViewModelMapper.swift; sourceTree = "<group>"; };
		38FC765B2807A69900089A48 /* MainQueueDispatchDecorator.swift */ = {isa = PBXFileReference; lastKnownFileType = sourcecode.swift; path = MainQueueDispatchDecorator.swift; sourceTree = "<group>"; };
		38FC765D2807A6B600089A48 /* WeakRefVirtualProxy.swift */ = {isa = PBXFileReference; lastKnownFileType = sourcecode.swift; path = WeakRefVirtualProxy.swift; sourceTree = "<group>"; };
		38FC76602807A7B500089A48 /* HomeControllerFactory.swift */ = {isa = PBXFileReference; lastKnownFileType = sourcecode.swift; path = HomeControllerFactory.swift; sourceTree = "<group>"; };
		38FC766528097BA200089A48 /* TotalTypesCasesCellController.swift */ = {isa = PBXFileReference; lastKnownFileType = sourcecode.swift; path = TotalTypesCasesCellController.swift; sourceTree = "<group>"; };
		38FC766728098B2200089A48 /* ChartHeaderCellController.swift */ = {isa = PBXFileReference; lastKnownFileType = sourcecode.swift; path = ChartHeaderCellController.swift; sourceTree = "<group>"; };
		38FC766B280ACC2E00089A48 /* HomeViewControllerIntegrationTests.swift */ = {isa = PBXFileReference; lastKnownFileType = sourcecode.swift; path = HomeViewControllerIntegrationTests.swift; sourceTree = "<group>"; };
		38FC766D280ACCF600089A48 /* LoadCountryCasesSpy.swift */ = {isa = PBXFileReference; lastKnownFileType = sourcecode.swift; path = LoadCountryCasesSpy.swift; sourceTree = "<group>"; };
		419FD4A2A3978CF6750091AC /* Pods-Covid-19 Tracker.release.xcconfig */ = {isa = PBXFileReference; includeInIndex = 1; lastKnownFileType = text.xcconfig; name = "Pods-Covid-19 Tracker.release.xcconfig"; path = "Target Support Files/Pods-Covid-19 Tracker/Pods-Covid-19 Tracker.release.xcconfig"; sourceTree = "<group>"; };
		718DE903172EF188C7D29028 /* Pods_Covid_19_Tracker.framework */ = {isa = PBXFileReference; explicitFileType = wrapper.framework; includeInIndex = 0; path = Pods_Covid_19_Tracker.framework; sourceTree = BUILT_PRODUCTS_DIR; };
		CD91BB61D572FDB1E65294BF /* Pods-Covid-19 Tracker.debug.xcconfig */ = {isa = PBXFileReference; includeInIndex = 1; lastKnownFileType = text.xcconfig; name = "Pods-Covid-19 Tracker.debug.xcconfig"; path = "Target Support Files/Pods-Covid-19 Tracker/Pods-Covid-19 Tracker.debug.xcconfig"; sourceTree = "<group>"; };
/* End PBXFileReference section */

/* Begin PBXFrameworksBuildPhase section */
		256111D628009EDE003A6B75 /* Frameworks */ = {
			isa = PBXFrameworksBuildPhase;
			buildActionMask = 2147483647;
			files = (
			);
			runOnlyForDeploymentPostprocessing = 0;
		};
		25C47F7324408F5500A4F91F /* Frameworks */ = {
			isa = PBXFrameworksBuildPhase;
			buildActionMask = 2147483647;
			files = (
				11D1810EB9BC92CE6F2E2281 /* Pods_Covid_19_Tracker.framework in Frameworks */,
			);
			runOnlyForDeploymentPostprocessing = 0;
		};
/* End PBXFrameworksBuildPhase section */

/* Begin PBXGroup section */
		2505D28F244245C30001EF44 /* Managers */ = {
			isa = PBXGroup;
			children = (
				2505D29024424A4C0001EF44 /* Network */,
			);
			path = Managers;
			sourceTree = "<group>";
		};
		2505D29024424A4C0001EF44 /* Network */ = {
			isa = PBXGroup;
			children = (
				2505D29124424A5C0001EF44 /* URLSessionNetworkManager.swift */,
				256111E72800A43B003A6B75 /* HttpError.swift */,
			);
			path = Network;
			sourceTree = "<group>";
		};
		2505D29D244384DD0001EF44 /* ViewModel */ = {
			isa = PBXGroup;
			children = (
				2505D29E244384ED0001EF44 /* CountryCasesHeaderViewModelItem.swift */,
				2505D2A0244385050001EF44 /* CountryCaseTypeViewModelItem.swift */,
				252793B02806F8D50044CA1A /* LoadingViewModel.swift */,
				252793B22806F9070044CA1A /* AlertViewModel.swift */,
			);
			path = ViewModel;
			sourceTree = "<group>";
		};
		2505D2A2244388640001EF44 /* ViewModel */ = {
			isa = PBXGroup;
			children = (
				2505D2A32443887D0001EF44 /* WorldCasesViewModel.swift */,
			);
			path = ViewModel;
			sourceTree = "<group>";
		};
		2505D2AB2443AC970001EF44 /* View */ = {
			isa = PBXGroup;
			children = (
				258C1C7028CB7F8B00968D7F /* Controller */,
				2505D2AC2443AC9E0001EF44 /* Cells */,
			);
			path = View;
			sourceTree = "<group>";
		};
		2505D2AC2443AC9E0001EF44 /* Cells */ = {
			isa = PBXGroup;
			children = (
				2505D2AD2443ACB90001EF44 /* CountryCollectionViewCell.swift */,
			);
			path = Cells;
			sourceTree = "<group>";
		};
		2505D2AF2443BF010001EF44 /* ImageView */ = {
			isa = PBXGroup;
			children = (
				2505D2B12443BF250001EF44 /* AvatarImageView.swift */,
			);
			path = ImageView;
			sourceTree = "<group>";
		};
		2524FE7A2440C35E007ECF56 /* View */ = {
			isa = PBXGroup;
			children = (
				2524FE7B2440C367007ECF56 /* Controller */,
			);
			path = View;
			sourceTree = "<group>";
		};
		2524FE7B2440C367007ECF56 /* Controller */ = {
			isa = PBXGroup;
			children = (
				25C47F7D24408F5500A4F91F /* HomeViewController.swift */,
			);
			path = Controller;
			sourceTree = "<group>";
		};
		2524FE7C2440C375007ECF56 /* Cells */ = {
			isa = PBXGroup;
			children = (
				2524FE7D2440C381007ECF56 /* ChartHeaderCell.swift */,
				2524FE7F2440EB75007ECF56 /* TotalTypesCasesCell.swift */,
			);
			path = Cells;
			sourceTree = "<group>";
		};
		252793AD2806F84E0044CA1A /* Presenters */ = {
			isa = PBXGroup;
			children = (
				252793AE2806F85F0044CA1A /* HomePresenter.swift */,
			);
			path = Presenters;
			sourceTree = "<group>";
		};
		252793B42806F9220044CA1A /* Protocols */ = {
			isa = PBXGroup;
			children = (
				252793B52806F9350044CA1A /* LoadingView.swift */,
				252793B72806F9480044CA1A /* AlertView.swift */,
				252793B92806F9570044CA1A /* HomeView.swift */,
			);
			path = Protocols;
			sourceTree = "<group>";
		};
		2546838124422458009E238A /* Charts */ = {
			isa = PBXGroup;
			children = (
				2546838224422467009E238A /* ChartsDetailView.swift */,
				25468384244224A2009E238A /* ChartsDetailBar.swift */,
			);
			path = Charts;
			sourceTree = "<group>";
		};
		2546838624422DEB009E238A /* Extensions */ = {
			isa = PBXGroup;
			children = (
				2505D29924433FCD0001EF44 /* UICollectionViewController+Ext.swift */,
				2505D29724432A6D0001EF44 /* UIViewController+Ext.swift */,
				2524FE812440ED52007ECF56 /* UIView+Ext.swift */,
				2505D2A924438CCA0001EF44 /* Int+Ext.swift */,
			);
			path = Extensions;
			sourceTree = "<group>";
		};
		2546838724422DF7009E238A /* Utilities */ = {
			isa = PBXGroup;
			children = (
				38FC765A2807A68900089A48 /* Composers */,
				2546838624422DEB009E238A /* Extensions */,
				2546838924422E4A009E238A /* Enum */,
				2546838824422E0A009E238A /* Protocols */,
			);
			path = Utilities;
			sourceTree = "<group>";
		};
		2546838824422E0A009E238A /* Protocols */ = {
			isa = PBXGroup;
			children = (
				25AE9C302440AD410093F3E2 /* CodeView.swift */,
			);
			path = Protocols;
			sourceTree = "<group>";
		};
		2546838924422E4A009E238A /* Enum */ = {
			isa = PBXGroup;
			children = (
				2546838A24422E71009E238A /* Enum.swift */,
				2546838C24423E27009E238A /* ErrorMessages.swift */,
			);
			path = Enum;
			sourceTree = "<group>";
		};
		2546838E244241CB009E238A /* ViewModel */ = {
			isa = PBXGroup;
			children = (
				2505D293244256820001EF44 /* HomeViewModel.swift */,
			);
			path = ViewModel;
			sourceTree = "<group>";
		};
		25468390244241E7009E238A /* Model */ = {
			isa = PBXGroup;
			children = (
				25468392244242E2009E238A /* WorldCases.swift */,
				2505D28D2442441F0001EF44 /* CountryCases.swift */,
				258C1C6628C8B39400968D7F /* AllCases.swift */,
			);
			path = Model;
			sourceTree = "<group>";
		};
		256111DA28009EDE003A6B75 /* Covid-19 TrackerTests */ = {
			isa = PBXGroup;
			children = (
				38C18EB228CC0AA6008C489F /* Utilities */,
				2586C62E2805AE2300505400 /* Helpers */,
				3815ED79280357450074EF3F /* Features */,
				256111E22800A05A003A6B75 /* Managers */,
			);
			path = "Covid-19 TrackerTests";
			sourceTree = "<group>";
		};
		256111E22800A05A003A6B75 /* Managers */ = {
			isa = PBXGroup;
			children = (
				256111E32800A066003A6B75 /* Network */,
			);
			path = Managers;
			sourceTree = "<group>";
		};
		256111E32800A066003A6B75 /* Network */ = {
			isa = PBXGroup;
			children = (
				256111E42800A07F003A6B75 /* URLSessionHttpClientTests.swift */,
			);
			path = Network;
			sourceTree = "<group>";
		};
		2586C6262805AD8000505400 /* UseCases */ = {
			isa = PBXGroup;
			children = (
				2586C6272805AD9500505400 /* LoadRemoteBrazilianCases.swift */,
			);
			path = UseCases;
			sourceTree = "<group>";
		};
		2586C6292805ADBD00505400 /* Domain */ = {
			isa = PBXGroup;
			children = (
				2586C62D2805ADE500505400 /* Protocols */,
				25468390244241E7009E238A /* Model */,
			);
			path = Domain;
			sourceTree = "<group>";
		};
		2586C62A2805ADC800505400 /* UseCases */ = {
			isa = PBXGroup;
			children = (
				2586C62B2805ADD100505400 /* CountryCasesLoader.swift */,
				38E3564128C540EA00D5FB4D /* WorldCasesLoader.swift */,
				38E3564328C5416400D5FB4D /* AllCountriesLoader.swift */,
				258C1C6428C8B34A00968D7F /* WorldCasesWithCountriesLoader.swift */,
				25CF204828CF687700D051D5 /* ImageLoader.swift */,
			);
			path = UseCases;
			sourceTree = "<group>";
		};
		2586C62D2805ADE500505400 /* Protocols */ = {
			isa = PBXGroup;
			children = (
				2586C62A2805ADC800505400 /* UseCases */,
			);
			path = Protocols;
			sourceTree = "<group>";
		};
		2586C62E2805AE2300505400 /* Helpers */ = {
			isa = PBXGroup;
			children = (
				2586C6352805AE7E00505400 /* Spys */,
				2586C6322805AE4700505400 /* Extensions */,
				2586C6302805AE3500505400 /* TestHelpers.swift */,
			);
			path = Helpers;
			sourceTree = "<group>";
		};
		2586C6322805AE4700505400 /* Extensions */ = {
			isa = PBXGroup;
			children = (
				2586C6332805AE5900505400 /* CountryCases+TestHelpers.swift */,
				2586C63B2805E68C00505400 /* XCTestCase+MemoryLeak.swift */,
				25CF205328CFC29C00D051D5 /* UIImage+TestsHelpers.swift */,
			);
			path = Extensions;
			sourceTree = "<group>";
		};
		2586C6352805AE7E00505400 /* Spys */ = {
			isa = PBXGroup;
			children = (
				2586C6362805AE8900505400 /* HttpClientSpy.swift */,
				38FC766D280ACCF600089A48 /* LoadCountryCasesSpy.swift */,
			);
			path = Spys;
			sourceTree = "<group>";
		};
		2586C6382805E60A00505400 /* Presenters */ = {
			isa = PBXGroup;
			children = (
				2586C6392805E66400505400 /* HomePresenterTests.swift */,
			);
			path = Presenters;
			sourceTree = "<group>";
		};
		258C1C5728C7AF3700968D7F /* UseCases */ = {
			isa = PBXGroup;
			children = (
				258C1C5828C7AF9100968D7F /* LoadWorldCases.swift */,
				258C1C5B28C7B10800968D7F /* LoadAllCountriesCases.swift */,
				258C1C6928C910A400968D7F /* LoadAllCases.swift */,
				25CF204A28CF6EEA00D051D5 /* RemoteImageLoader.swift */,
			);
			path = UseCases;
			sourceTree = "<group>";
		};
		258C1C5D28C7B1A800968D7F /* World */ = {
			isa = PBXGroup;
			children = (
				38C18EB628CC9978008C489F /* View */,
				258C1C6D28CA5CDD00968D7F /* Presenters */,
				258C1C5E28C7B1B000968D7F /* UseCases */,
			);
			path = World;
			sourceTree = "<group>";
		};
		258C1C5E28C7B1B000968D7F /* UseCases */ = {
			isa = PBXGroup;
			children = (
				258C1C5F28C7B1EB00968D7F /* LoadWorldCasesTests.swift */,
				25CF204C28CF8BA500D051D5 /* RemoteImageLoaderTests.swift */,
				258C1C6128C7BBDE00968D7F /* LoadAllCountriesCasesTests.swift */,
				258C1C6B28C91AD400968D7F /* LoadAllCasesTests.swift */,
			);
			path = UseCases;
			sourceTree = "<group>";
		};
		258C1C6D28CA5CDD00968D7F /* Presenters */ = {
			isa = PBXGroup;
			children = (
				258C1C6E28CA5CFE00968D7F /* WorldCasesPresenterTests.swift */,
				25CF205028CFA6DD00D051D5 /* CountryCasesCellPresenterTests.swift */,
			);
			path = Presenters;
			sourceTree = "<group>";
		};
		258C1C7028CB7F8B00968D7F /* Controller */ = {
			isa = PBXGroup;
			children = (
				2505D29B244377990001EF44 /* WorldCasesCollectionViewController.swift */,
				258C1C7228CB9B4C00968D7F /* CountryCasesCellController.swift */,
			);
			path = Controller;
			sourceTree = "<group>";
		};
		258C1C7428CBA47200968D7F /* Factories */ = {
			isa = PBXGroup;
			children = (
				258C1C7528CBA4A300968D7F /* WorldCasesViewControllerFactory.swift */,
			);
			path = Factories;
			sourceTree = "<group>";
		};
		25C47F6D24408F5500A4F91F = {
			isa = PBXGroup;
			children = (
				25C47F7824408F5500A4F91F /* Covid-19 Tracker */,
				256111DA28009EDE003A6B75 /* Covid-19 TrackerTests */,
				25C47F7724408F5500A4F91F /* Products */,
				A7100C379CA865AF3A33684D /* Pods */,
				8787A1D87C51DB24B8AB97BD /* Frameworks */,
			);
			sourceTree = "<group>";
		};
		25C47F7724408F5500A4F91F /* Products */ = {
			isa = PBXGroup;
			children = (
				25C47F7624408F5500A4F91F /* Covid-19 Tracker.app */,
				256111D928009EDE003A6B75 /* Covid-19 TrackerTests.xctest */,
			);
			name = Products;
			sourceTree = "<group>";
		};
		25C47F7824408F5500A4F91F /* Covid-19 Tracker */ = {
			isa = PBXGroup;
			children = (
				2586C6292805ADBD00505400 /* Domain */,
				2505D28F244245C30001EF44 /* Managers */,
				38FC765728066E3100089A48 /* Presentation */,
				2546838724422DF7009E238A /* Utilities */,
				25D9AF782440A7C3006BD732 /* CustomViews */,
				25D9AF772440A7B9006BD732 /* Features */,
				25D9AF792440A7DF006BD732 /* Support */,
				25C47F8724408F5900A4F91F /* Info.plist */,
			);
			path = "Covid-19 Tracker";
			sourceTree = "<group>";
		};
		25D9AF752440A7A4006BD732 /* Home */ = {
			isa = PBXGroup;
			children = (
				38FC765F2807A76600089A48 /* Factories */,
				252793AD2806F84E0044CA1A /* Presenters */,
				2586C6262805AD8000505400 /* UseCases */,
				2546838E244241CB009E238A /* ViewModel */,
				2524FE7A2440C35E007ECF56 /* View */,
			);
			path = Home;
			sourceTree = "<group>";
		};
		25D9AF762440A7B2006BD732 /* World */ = {
			isa = PBXGroup;
			children = (
				258C1C7428CBA47200968D7F /* Factories */,
				38C18EAF28C97645008C489F /* Presenters */,
				258C1C5728C7AF3700968D7F /* UseCases */,
				2505D2AB2443AC970001EF44 /* View */,
				2505D2A2244388640001EF44 /* ViewModel */,
			);
			path = World;
			sourceTree = "<group>";
		};
		25D9AF772440A7B9006BD732 /* Features */ = {
			isa = PBXGroup;
			children = (
				25D9AF762440A7B2006BD732 /* World */,
				25D9AF752440A7A4006BD732 /* Home */,
			);
			path = Features;
			sourceTree = "<group>";
		};
		25D9AF782440A7C3006BD732 /* CustomViews */ = {
			isa = PBXGroup;
			children = (
				2505D2AF2443BF010001EF44 /* ImageView */,
				2524FE7C2440C375007ECF56 /* Cells */,
				2546838124422458009E238A /* Charts */,
				25D9AF7A2440A874006BD732 /* Controller */,
			);
			path = CustomViews;
			sourceTree = "<group>";
		};
		25D9AF792440A7DF006BD732 /* Support */ = {
			isa = PBXGroup;
			children = (
				25C47F8424408F5900A4F91F /* LaunchScreen.storyboard */,
				25C47F7B24408F5500A4F91F /* SceneDelegate.swift */,
				25C47F7924408F5500A4F91F /* AppDelegate.swift */,
				25C47F8224408F5900A4F91F /* Assets.xcassets */,
				25D9AF7324409823006BD732 /* Colors.xcassets */,
			);
			path = Support;
			sourceTree = "<group>";
		};
		25D9AF7A2440A874006BD732 /* Controller */ = {
			isa = PBXGroup;
			children = (
				25C47F8D24408FDF00A4F91F /* MainTabBarController.swift */,
				25D9AF7B2440A889006BD732 /* CustomNavigationController.swift */,
				38FC766528097BA200089A48 /* TotalTypesCasesCellController.swift */,
				38FC766728098B2200089A48 /* ChartHeaderCellController.swift */,
			);
			path = Controller;
			sourceTree = "<group>";
		};
		3815ED79280357450074EF3F /* Features */ = {
			isa = PBXGroup;
			children = (
				258C1C5D28C7B1A800968D7F /* World */,
				3815ED7A2803574B0074EF3F /* Home */,
			);
			path = Features;
			sourceTree = "<group>";
		};
		3815ED7A2803574B0074EF3F /* Home */ = {
			isa = PBXGroup;
			children = (
				38FC766A280ACB6C00089A48 /* Controller */,
				2586C6382805E60A00505400 /* Presenters */,
				3815ED7B2803574F0074EF3F /* UseCases */,
			);
			path = Home;
			sourceTree = "<group>";
		};
		3815ED7B2803574F0074EF3F /* UseCases */ = {
			isa = PBXGroup;
			children = (
				3815ED7D2803579B0074EF3F /* LoadRemoteBrazilianCasesTests.swift */,
			);
			path = UseCases;
			sourceTree = "<group>";
		};
		38C18EAF28C97645008C489F /* Presenters */ = {
			isa = PBXGroup;
			children = (
				38C18EB028C9766B008C489F /* WorldCasesPresenter.swift */,
				25CF204E28CF98C600D051D5 /* CountryCasesCellPresenter.swift */,
			);
			path = Presenters;
			sourceTree = "<group>";
		};
		38C18EB228CC0AA6008C489F /* Utilities */ = {
			isa = PBXGroup;
			children = (
				38C18EB428CC0ACF008C489F /* UIViewController+AlertTests.swift */,
			);
			path = Utilities;
			sourceTree = "<group>";
		};
		38C18EB628CC9978008C489F /* View */ = {
			isa = PBXGroup;
			children = (
				38C18EB728CC9980008C489F /* Controller */,
			);
			path = View;
			sourceTree = "<group>";
		};
		38C18EB728CC9980008C489F /* Controller */ = {
			isa = PBXGroup;
			children = (
				38C18EB828CC99A7008C489F /* WorldCasesCollectionControllerUIIntegrationTests.swift */,
			);
			path = Controller;
			sourceTree = "<group>";
		};
		38FC765628066DEF00089A48 /* Mappers */ = {
			isa = PBXGroup;
			children = (
				38FC765828066ECC00089A48 /* CountryCasesViewModelMapper.swift */,
			);
			path = Mappers;
			sourceTree = "<group>";
		};
		38FC765728066E3100089A48 /* Presentation */ = {
			isa = PBXGroup;
			children = (
				252793B42806F9220044CA1A /* Protocols */,
				2505D29D244384DD0001EF44 /* ViewModel */,
				38FC765628066DEF00089A48 /* Mappers */,
			);
			path = Presentation;
			sourceTree = "<group>";
		};
		38FC765A2807A68900089A48 /* Composers */ = {
			isa = PBXGroup;
			children = (
				38FC765B2807A69900089A48 /* MainQueueDispatchDecorator.swift */,
				38FC765D2807A6B600089A48 /* WeakRefVirtualProxy.swift */,
			);
			path = Composers;
			sourceTree = "<group>";
		};
		38FC765F2807A76600089A48 /* Factories */ = {
			isa = PBXGroup;
			children = (
				38FC76602807A7B500089A48 /* HomeControllerFactory.swift */,
			);
			path = Factories;
			sourceTree = "<group>";
		};
		38FC766A280ACB6C00089A48 /* Controller */ = {
			isa = PBXGroup;
			children = (
				38FC766B280ACC2E00089A48 /* HomeViewControllerIntegrationTests.swift */,
			);
			path = Controller;
			sourceTree = "<group>";
		};
		8787A1D87C51DB24B8AB97BD /* Frameworks */ = {
			isa = PBXGroup;
			children = (
				718DE903172EF188C7D29028 /* Pods_Covid_19_Tracker.framework */,
			);
			name = Frameworks;
			sourceTree = "<group>";
		};
		A7100C379CA865AF3A33684D /* Pods */ = {
			isa = PBXGroup;
			children = (
				CD91BB61D572FDB1E65294BF /* Pods-Covid-19 Tracker.debug.xcconfig */,
				419FD4A2A3978CF6750091AC /* Pods-Covid-19 Tracker.release.xcconfig */,
			);
			path = Pods;
			sourceTree = "<group>";
		};
/* End PBXGroup section */

/* Begin PBXNativeTarget section */
		256111D828009EDE003A6B75 /* Covid-19 TrackerTests */ = {
			isa = PBXNativeTarget;
			buildConfigurationList = 256111E128009EDE003A6B75 /* Build configuration list for PBXNativeTarget "Covid-19 TrackerTests" */;
			buildPhases = (
				256111D528009EDE003A6B75 /* Sources */,
				256111D628009EDE003A6B75 /* Frameworks */,
				256111D728009EDE003A6B75 /* Resources */,
			);
			buildRules = (
			);
			dependencies = (
				256111DE28009EDE003A6B75 /* PBXTargetDependency */,
			);
			name = "Covid-19 TrackerTests";
			productName = "Covid-19 TrackerTests";
			productReference = 256111D928009EDE003A6B75 /* Covid-19 TrackerTests.xctest */;
			productType = "com.apple.product-type.bundle.unit-test";
		};
		25C47F7524408F5500A4F91F /* Covid-19 Tracker */ = {
			isa = PBXNativeTarget;
			buildConfigurationList = 25C47F8A24408F5900A4F91F /* Build configuration list for PBXNativeTarget "Covid-19 Tracker" */;
			buildPhases = (
				9731962E4210BC0963430BD9 /* [CP] Check Pods Manifest.lock */,
				25C47F7224408F5500A4F91F /* Sources */,
				25C47F7324408F5500A4F91F /* Frameworks */,
				25C47F7424408F5500A4F91F /* Resources */,
				15B3A743E852389C31B15458 /* [CP] Embed Pods Frameworks */,
			);
			buildRules = (
			);
			dependencies = (
			);
			name = "Covid-19 Tracker";
			productName = "Covid-19 Tracker";
			productReference = 25C47F7624408F5500A4F91F /* Covid-19 Tracker.app */;
			productType = "com.apple.product-type.application";
		};
/* End PBXNativeTarget section */

/* Begin PBXProject section */
		25C47F6E24408F5500A4F91F /* Project object */ = {
			isa = PBXProject;
			attributes = {
				LastSwiftUpdateCheck = 1330;
				LastUpgradeCheck = 1330;
				ORGANIZATIONNAME = "Luiz Hammerli";
				TargetAttributes = {
					256111D828009EDE003A6B75 = {
						CreatedOnToolsVersion = 13.3;
						TestTargetID = 25C47F7524408F5500A4F91F;
					};
					25C47F7524408F5500A4F91F = {
						CreatedOnToolsVersion = 11.3.1;
					};
				};
			};
			buildConfigurationList = 25C47F7124408F5500A4F91F /* Build configuration list for PBXProject "Covid-19 Tracker" */;
			compatibilityVersion = "Xcode 9.3";
			developmentRegion = en;
			hasScannedForEncodings = 0;
			knownRegions = (
				en,
				Base,
			);
			mainGroup = 25C47F6D24408F5500A4F91F;
			productRefGroup = 25C47F7724408F5500A4F91F /* Products */;
			projectDirPath = "";
			projectRoot = "";
			targets = (
				25C47F7524408F5500A4F91F /* Covid-19 Tracker */,
				256111D828009EDE003A6B75 /* Covid-19 TrackerTests */,
			);
		};
/* End PBXProject section */

/* Begin PBXResourcesBuildPhase section */
		256111D728009EDE003A6B75 /* Resources */ = {
			isa = PBXResourcesBuildPhase;
			buildActionMask = 2147483647;
			files = (
			);
			runOnlyForDeploymentPostprocessing = 0;
		};
		25C47F7424408F5500A4F91F /* Resources */ = {
			isa = PBXResourcesBuildPhase;
			buildActionMask = 2147483647;
			files = (
				25D9AF7424409823006BD732 /* Colors.xcassets in Resources */,
				25C47F8624408F5900A4F91F /* LaunchScreen.storyboard in Resources */,
				25C47F8324408F5900A4F91F /* Assets.xcassets in Resources */,
			);
			runOnlyForDeploymentPostprocessing = 0;
		};
/* End PBXResourcesBuildPhase section */

/* Begin PBXShellScriptBuildPhase section */
		15B3A743E852389C31B15458 /* [CP] Embed Pods Frameworks */ = {
			isa = PBXShellScriptBuildPhase;
			buildActionMask = 2147483647;
			files = (
			);
			inputFileListPaths = (
				"${PODS_ROOT}/Target Support Files/Pods-Covid-19 Tracker/Pods-Covid-19 Tracker-frameworks-${CONFIGURATION}-input-files.xcfilelist",
			);
			name = "[CP] Embed Pods Frameworks";
			outputFileListPaths = (
				"${PODS_ROOT}/Target Support Files/Pods-Covid-19 Tracker/Pods-Covid-19 Tracker-frameworks-${CONFIGURATION}-output-files.xcfilelist",
			);
			runOnlyForDeploymentPostprocessing = 0;
			shellPath = /bin/sh;
			shellScript = "\"${PODS_ROOT}/Target Support Files/Pods-Covid-19 Tracker/Pods-Covid-19 Tracker-frameworks.sh\"\n";
			showEnvVarsInLog = 0;
		};
		9731962E4210BC0963430BD9 /* [CP] Check Pods Manifest.lock */ = {
			isa = PBXShellScriptBuildPhase;
			buildActionMask = 2147483647;
			files = (
			);
			inputFileListPaths = (
			);
			inputPaths = (
				"${PODS_PODFILE_DIR_PATH}/Podfile.lock",
				"${PODS_ROOT}/Manifest.lock",
			);
			name = "[CP] Check Pods Manifest.lock";
			outputFileListPaths = (
			);
			outputPaths = (
				"$(DERIVED_FILE_DIR)/Pods-Covid-19 Tracker-checkManifestLockResult.txt",
			);
			runOnlyForDeploymentPostprocessing = 0;
			shellPath = /bin/sh;
			shellScript = "diff \"${PODS_PODFILE_DIR_PATH}/Podfile.lock\" \"${PODS_ROOT}/Manifest.lock\" > /dev/null\nif [ $? != 0 ] ; then\n    # print error to STDERR\n    echo \"error: The sandbox is not in sync with the Podfile.lock. Run 'pod install' or update your CocoaPods installation.\" >&2\n    exit 1\nfi\n# This output is used by Xcode 'outputs' to avoid re-running this script phase.\necho \"SUCCESS\" > \"${SCRIPT_OUTPUT_FILE_0}\"\n";
			showEnvVarsInLog = 0;
		};
/* End PBXShellScriptBuildPhase section */

/* Begin PBXSourcesBuildPhase section */
		256111D528009EDE003A6B75 /* Sources */ = {
			isa = PBXSourcesBuildPhase;
			buildActionMask = 2147483647;
			files = (
				258C1C6028C7B1EB00968D7F /* LoadWorldCasesTests.swift in Sources */,
				38C18EB528CC0ACF008C489F /* UIViewController+AlertTests.swift in Sources */,
				38FC766E280ACCF600089A48 /* LoadCountryCasesSpy.swift in Sources */,
				258C1C6228C7BBDE00968D7F /* LoadAllCountriesCasesTests.swift in Sources */,
				256111E52800A07F003A6B75 /* URLSessionHttpClientTests.swift in Sources */,
				2586C6372805AE8900505400 /* HttpClientSpy.swift in Sources */,
				38C18EB928CC99A7008C489F /* WorldCasesCollectionControllerUIIntegrationTests.swift in Sources */,
				25CF205428CFC29C00D051D5 /* UIImage+TestsHelpers.swift in Sources */,
				258C1C6C28C91AD400968D7F /* LoadAllCasesTests.swift in Sources */,
				25CF204D28CF8BA500D051D5 /* RemoteImageLoaderTests.swift in Sources */,
				3815ED7E2803579B0074EF3F /* LoadRemoteBrazilianCasesTests.swift in Sources */,
				38FC766C280ACC2E00089A48 /* HomeViewControllerIntegrationTests.swift in Sources */,
				25CF205128CFA6DD00D051D5 /* CountryCasesCellPresenterTests.swift in Sources */,
				2586C63C2805E68C00505400 /* XCTestCase+MemoryLeak.swift in Sources */,
				2586C6342805AE5900505400 /* CountryCases+TestHelpers.swift in Sources */,
				258C1C6F28CA5CFE00968D7F /* WorldCasesPresenterTests.swift in Sources */,
				2586C6312805AE3500505400 /* TestHelpers.swift in Sources */,
				2586C63A2805E66400505400 /* HomePresenterTests.swift in Sources */,
			);
			runOnlyForDeploymentPostprocessing = 0;
		};
		25C47F7224408F5500A4F91F /* Sources */ = {
			isa = PBXSourcesBuildPhase;
			buildActionMask = 2147483647;
			files = (
				38FC766628097BA200089A48 /* TotalTypesCasesCellController.swift in Sources */,
				258C1C6728C8B39400968D7F /* AllCases.swift in Sources */,
				2505D29824432A6D0001EF44 /* UIViewController+Ext.swift in Sources */,
				2505D294244256820001EF44 /* HomeViewModel.swift in Sources */,
				38FC765E2807A6B600089A48 /* WeakRefVirtualProxy.swift in Sources */,
				38FC76612807A7B500089A48 /* HomeControllerFactory.swift in Sources */,
				25C47F7E24408F5500A4F91F /* HomeViewController.swift in Sources */,
				252793B32806F9070044CA1A /* AlertViewModel.swift in Sources */,
				258C1C7628CBA4A300968D7F /* WorldCasesViewControllerFactory.swift in Sources */,
				25D9AF7C2440A889006BD732 /* CustomNavigationController.swift in Sources */,
				258C1C6528C8B34A00968D7F /* WorldCasesWithCountriesLoader.swift in Sources */,
				2505D2AA24438CCA0001EF44 /* Int+Ext.swift in Sources */,
				2505D29C244377990001EF44 /* WorldCasesCollectionViewController.swift in Sources */,
				2505D28E2442441F0001EF44 /* CountryCases.swift in Sources */,
				2546838B24422E71009E238A /* Enum.swift in Sources */,
				2505D2A42443887D0001EF44 /* WorldCasesViewModel.swift in Sources */,
				252793B12806F8D50044CA1A /* LoadingViewModel.swift in Sources */,
				2505D29224424A5C0001EF44 /* URLSessionNetworkManager.swift in Sources */,
				25C47F7A24408F5500A4F91F /* AppDelegate.swift in Sources */,
				25AE9C312440AD410093F3E2 /* CodeView.swift in Sources */,
				2505D2AE2443ACB90001EF44 /* CountryCollectionViewCell.swift in Sources */,
				2505D2A1244385050001EF44 /* CountryCaseTypeViewModelItem.swift in Sources */,
				252793B82806F9480044CA1A /* AlertView.swift in Sources */,
				252793B62806F9350044CA1A /* LoadingView.swift in Sources */,
				2524FE802440EB75007ECF56 /* TotalTypesCasesCell.swift in Sources */,
				38E3564228C540EB00D5FB4D /* WorldCasesLoader.swift in Sources */,
				258C1C5928C7AF9100968D7F /* LoadWorldCases.swift in Sources */,
				2524FE822440ED52007ECF56 /* UIView+Ext.swift in Sources */,
				2586C62C2805ADD100505400 /* CountryCasesLoader.swift in Sources */,
				258C1C7328CB9B4C00968D7F /* CountryCasesCellController.swift in Sources */,
				38E3564428C5416400D5FB4D /* AllCountriesLoader.swift in Sources */,
				2505D29A24433FCD0001EF44 /* UICollectionViewController+Ext.swift in Sources */,
				2546838324422467009E238A /* ChartsDetailView.swift in Sources */,
				256111E82800A43B003A6B75 /* HttpError.swift in Sources */,
				252793AF2806F85F0044CA1A /* HomePresenter.swift in Sources */,
				2546838D24423E27009E238A /* ErrorMessages.swift in Sources */,
				2586C6282805AD9500505400 /* LoadRemoteBrazilianCases.swift in Sources */,
				25468385244224A2009E238A /* ChartsDetailBar.swift in Sources */,
				25CF204928CF687700D051D5 /* ImageLoader.swift in Sources */,
				2505D2B22443BF250001EF44 /* AvatarImageView.swift in Sources */,
				38FC765C2807A69900089A48 /* MainQueueDispatchDecorator.swift in Sources */,
				2505D29F244384ED0001EF44 /* CountryCasesHeaderViewModelItem.swift in Sources */,
				258C1C6A28C910A400968D7F /* LoadAllCases.swift in Sources */,
				25CF204F28CF98C600D051D5 /* CountryCasesCellPresenter.swift in Sources */,
				38C18EB128C9766B008C489F /* WorldCasesPresenter.swift in Sources */,
				38FC766828098B2200089A48 /* ChartHeaderCellController.swift in Sources */,
				38FC765928066ECC00089A48 /* CountryCasesViewModelMapper.swift in Sources */,
				25C47F8E24408FDF00A4F91F /* MainTabBarController.swift in Sources */,
				2524FE7E2440C381007ECF56 /* ChartHeaderCell.swift in Sources */,
				25468393244242E2009E238A /* WorldCases.swift in Sources */,
				25C47F7C24408F5500A4F91F /* SceneDelegate.swift in Sources */,
				252793BA2806F9570044CA1A /* HomeView.swift in Sources */,
				25CF204B28CF6EEA00D051D5 /* RemoteImageLoader.swift in Sources */,
				258C1C5C28C7B10800968D7F /* LoadAllCountriesCases.swift in Sources */,
			);
			runOnlyForDeploymentPostprocessing = 0;
		};
/* End PBXSourcesBuildPhase section */

/* Begin PBXTargetDependency section */
		256111DE28009EDE003A6B75 /* PBXTargetDependency */ = {
			isa = PBXTargetDependency;
			target = 25C47F7524408F5500A4F91F /* Covid-19 Tracker */;
			targetProxy = 256111DD28009EDE003A6B75 /* PBXContainerItemProxy */;
		};
/* End PBXTargetDependency section */

/* Begin PBXVariantGroup section */
		25C47F8424408F5900A4F91F /* LaunchScreen.storyboard */ = {
			isa = PBXVariantGroup;
			children = (
				25C47F8524408F5900A4F91F /* Base */,
			);
			name = LaunchScreen.storyboard;
			sourceTree = "<group>";
		};
/* End PBXVariantGroup section */

/* Begin XCBuildConfiguration section */
		256111DF28009EDE003A6B75 /* Debug */ = {
			isa = XCBuildConfiguration;
			buildSettings = {
				BUNDLE_LOADER = "$(TEST_HOST)";
				CLANG_CXX_LANGUAGE_STANDARD = "gnu++17";
				CODE_SIGN_STYLE = Automatic;
				CURRENT_PROJECT_VERSION = 1;
				DEVELOPMENT_TEAM = M2DD4Z95YZ;
				GENERATE_INFOPLIST_FILE = YES;
				IPHONEOS_DEPLOYMENT_TARGET = 15.4;
				MARKETING_VERSION = 1.0;
				PRODUCT_BUNDLE_IDENTIFIER = "LuizHammerli.Covid-19-TrackerTests";
				PRODUCT_NAME = "$(TARGET_NAME)";
				SWIFT_EMIT_LOC_STRINGS = NO;
				SWIFT_VERSION = 5.0;
				TARGETED_DEVICE_FAMILY = "1,2";
				TEST_HOST = "$(BUILT_PRODUCTS_DIR)/Covid-19 Tracker.app/Covid-19 Tracker";
			};
			name = Debug;
		};
		256111E028009EDE003A6B75 /* Release */ = {
			isa = XCBuildConfiguration;
			buildSettings = {
				BUNDLE_LOADER = "$(TEST_HOST)";
				CLANG_CXX_LANGUAGE_STANDARD = "gnu++17";
				CODE_SIGN_STYLE = Automatic;
				CURRENT_PROJECT_VERSION = 1;
				DEVELOPMENT_TEAM = M2DD4Z95YZ;
				GENERATE_INFOPLIST_FILE = YES;
				IPHONEOS_DEPLOYMENT_TARGET = 15.4;
				MARKETING_VERSION = 1.0;
				PRODUCT_BUNDLE_IDENTIFIER = "LuizHammerli.Covid-19-TrackerTests";
				PRODUCT_NAME = "$(TARGET_NAME)";
				SWIFT_EMIT_LOC_STRINGS = NO;
				SWIFT_VERSION = 5.0;
				TARGETED_DEVICE_FAMILY = "1,2";
				TEST_HOST = "$(BUILT_PRODUCTS_DIR)/Covid-19 Tracker.app/Covid-19 Tracker";
			};
			name = Release;
		};
		25C47F8824408F5900A4F91F /* Debug */ = {
			isa = XCBuildConfiguration;
			buildSettings = {
				ALWAYS_SEARCH_USER_PATHS = NO;
				CLANG_ANALYZER_NONNULL = YES;
				CLANG_ANALYZER_NUMBER_OBJECT_CONVERSION = YES_AGGRESSIVE;
				CLANG_CXX_LANGUAGE_STANDARD = "gnu++14";
				CLANG_CXX_LIBRARY = "libc++";
				CLANG_ENABLE_MODULES = YES;
				CLANG_ENABLE_OBJC_ARC = YES;
				CLANG_ENABLE_OBJC_WEAK = YES;
				CLANG_WARN_BLOCK_CAPTURE_AUTORELEASING = YES;
				CLANG_WARN_BOOL_CONVERSION = YES;
				CLANG_WARN_COMMA = YES;
				CLANG_WARN_CONSTANT_CONVERSION = YES;
				CLANG_WARN_DEPRECATED_OBJC_IMPLEMENTATIONS = YES;
				CLANG_WARN_DIRECT_OBJC_ISA_USAGE = YES_ERROR;
				CLANG_WARN_DOCUMENTATION_COMMENTS = YES;
				CLANG_WARN_EMPTY_BODY = YES;
				CLANG_WARN_ENUM_CONVERSION = YES;
				CLANG_WARN_INFINITE_RECURSION = YES;
				CLANG_WARN_INT_CONVERSION = YES;
				CLANG_WARN_NON_LITERAL_NULL_CONVERSION = YES;
				CLANG_WARN_OBJC_IMPLICIT_RETAIN_SELF = YES;
				CLANG_WARN_OBJC_LITERAL_CONVERSION = YES;
				CLANG_WARN_OBJC_ROOT_CLASS = YES_ERROR;
				CLANG_WARN_QUOTED_INCLUDE_IN_FRAMEWORK_HEADER = YES;
				CLANG_WARN_RANGE_LOOP_ANALYSIS = YES;
				CLANG_WARN_STRICT_PROTOTYPES = YES;
				CLANG_WARN_SUSPICIOUS_MOVE = YES;
				CLANG_WARN_UNGUARDED_AVAILABILITY = YES_AGGRESSIVE;
				CLANG_WARN_UNREACHABLE_CODE = YES;
				CLANG_WARN__DUPLICATE_METHOD_MATCH = YES;
				COPY_PHASE_STRIP = NO;
				DEBUG_INFORMATION_FORMAT = dwarf;
				ENABLE_STRICT_OBJC_MSGSEND = YES;
				ENABLE_TESTABILITY = YES;
				GCC_C_LANGUAGE_STANDARD = gnu11;
				GCC_DYNAMIC_NO_PIC = NO;
				GCC_NO_COMMON_BLOCKS = YES;
				GCC_OPTIMIZATION_LEVEL = 0;
				GCC_PREPROCESSOR_DEFINITIONS = (
					"DEBUG=1",
					"$(inherited)",
				);
				GCC_WARN_64_TO_32_BIT_CONVERSION = YES;
				GCC_WARN_ABOUT_RETURN_TYPE = YES_ERROR;
				GCC_WARN_UNDECLARED_SELECTOR = YES;
				GCC_WARN_UNINITIALIZED_AUTOS = YES_AGGRESSIVE;
				GCC_WARN_UNUSED_FUNCTION = YES;
				GCC_WARN_UNUSED_VARIABLE = YES;
				IPHONEOS_DEPLOYMENT_TARGET = 13.2;
				MTL_ENABLE_DEBUG_INFO = INCLUDE_SOURCE;
				MTL_FAST_MATH = YES;
				ONLY_ACTIVE_ARCH = YES;
				SDKROOT = iphoneos;
				SWIFT_ACTIVE_COMPILATION_CONDITIONS = DEBUG;
				SWIFT_OPTIMIZATION_LEVEL = "-Onone";
			};
			name = Debug;
		};
		25C47F8924408F5900A4F91F /* Release */ = {
			isa = XCBuildConfiguration;
			buildSettings = {
				ALWAYS_SEARCH_USER_PATHS = NO;
				CLANG_ANALYZER_NONNULL = YES;
				CLANG_ANALYZER_NUMBER_OBJECT_CONVERSION = YES_AGGRESSIVE;
				CLANG_CXX_LANGUAGE_STANDARD = "gnu++14";
				CLANG_CXX_LIBRARY = "libc++";
				CLANG_ENABLE_MODULES = YES;
				CLANG_ENABLE_OBJC_ARC = YES;
				CLANG_ENABLE_OBJC_WEAK = YES;
				CLANG_WARN_BLOCK_CAPTURE_AUTORELEASING = YES;
				CLANG_WARN_BOOL_CONVERSION = YES;
				CLANG_WARN_COMMA = YES;
				CLANG_WARN_CONSTANT_CONVERSION = YES;
				CLANG_WARN_DEPRECATED_OBJC_IMPLEMENTATIONS = YES;
				CLANG_WARN_DIRECT_OBJC_ISA_USAGE = YES_ERROR;
				CLANG_WARN_DOCUMENTATION_COMMENTS = YES;
				CLANG_WARN_EMPTY_BODY = YES;
				CLANG_WARN_ENUM_CONVERSION = YES;
				CLANG_WARN_INFINITE_RECURSION = YES;
				CLANG_WARN_INT_CONVERSION = YES;
				CLANG_WARN_NON_LITERAL_NULL_CONVERSION = YES;
				CLANG_WARN_OBJC_IMPLICIT_RETAIN_SELF = YES;
				CLANG_WARN_OBJC_LITERAL_CONVERSION = YES;
				CLANG_WARN_OBJC_ROOT_CLASS = YES_ERROR;
				CLANG_WARN_QUOTED_INCLUDE_IN_FRAMEWORK_HEADER = YES;
				CLANG_WARN_RANGE_LOOP_ANALYSIS = YES;
				CLANG_WARN_STRICT_PROTOTYPES = YES;
				CLANG_WARN_SUSPICIOUS_MOVE = YES;
				CLANG_WARN_UNGUARDED_AVAILABILITY = YES_AGGRESSIVE;
				CLANG_WARN_UNREACHABLE_CODE = YES;
				CLANG_WARN__DUPLICATE_METHOD_MATCH = YES;
				COPY_PHASE_STRIP = NO;
				DEBUG_INFORMATION_FORMAT = "dwarf-with-dsym";
				ENABLE_NS_ASSERTIONS = NO;
				ENABLE_STRICT_OBJC_MSGSEND = YES;
				GCC_C_LANGUAGE_STANDARD = gnu11;
				GCC_NO_COMMON_BLOCKS = YES;
				GCC_WARN_64_TO_32_BIT_CONVERSION = YES;
				GCC_WARN_ABOUT_RETURN_TYPE = YES_ERROR;
				GCC_WARN_UNDECLARED_SELECTOR = YES;
				GCC_WARN_UNINITIALIZED_AUTOS = YES_AGGRESSIVE;
				GCC_WARN_UNUSED_FUNCTION = YES;
				GCC_WARN_UNUSED_VARIABLE = YES;
				IPHONEOS_DEPLOYMENT_TARGET = 13.2;
				MTL_ENABLE_DEBUG_INFO = NO;
				MTL_FAST_MATH = YES;
				ONLY_ACTIVE_ARCH = YES;
				SDKROOT = iphoneos;
				SWIFT_COMPILATION_MODE = wholemodule;
				SWIFT_OPTIMIZATION_LEVEL = "-O";
				VALIDATE_PRODUCT = YES;
			};
			name = Release;
		};
		25C47F8B24408F5900A4F91F /* Debug */ = {
			isa = XCBuildConfiguration;
			baseConfigurationReference = CD91BB61D572FDB1E65294BF /* Pods-Covid-19 Tracker.debug.xcconfig */;
			buildSettings = {
				ASSETCATALOG_COMPILER_APPICON_NAME = AppIcon;
				CODE_SIGN_STYLE = Automatic;
				DEVELOPMENT_TEAM = M2DD4Z95YZ;
				INFOPLIST_FILE = "Covid-19 Tracker/Info.plist";
				LD_RUNPATH_SEARCH_PATHS = (
					"$(inherited)",
					"@executable_path/Frameworks",
				);
				PRODUCT_BUNDLE_IDENTIFIER = "Luiz.Hammerli.Covid-19-Tracker";
				PRODUCT_NAME = "$(TARGET_NAME)";
				SWIFT_VERSION = 5.0;
				TARGETED_DEVICE_FAMILY = 1;
			};
			name = Debug;
		};
		25C47F8C24408F5900A4F91F /* Release */ = {
			isa = XCBuildConfiguration;
			baseConfigurationReference = 419FD4A2A3978CF6750091AC /* Pods-Covid-19 Tracker.release.xcconfig */;
			buildSettings = {
				ASSETCATALOG_COMPILER_APPICON_NAME = AppIcon;
				CODE_SIGN_STYLE = Automatic;
				DEVELOPMENT_TEAM = M2DD4Z95YZ;
				INFOPLIST_FILE = "Covid-19 Tracker/Info.plist";
				LD_RUNPATH_SEARCH_PATHS = (
					"$(inherited)",
					"@executable_path/Frameworks",
				);
				PRODUCT_BUNDLE_IDENTIFIER = "Luiz.Hammerli.Covid-19-Tracker";
				PRODUCT_NAME = "$(TARGET_NAME)";
				SWIFT_VERSION = 5.0;
				TARGETED_DEVICE_FAMILY = 1;
			};
			name = Release;
		};
/* End XCBuildConfiguration section */

/* Begin XCConfigurationList section */
		256111E128009EDE003A6B75 /* Build configuration list for PBXNativeTarget "Covid-19 TrackerTests" */ = {
			isa = XCConfigurationList;
			buildConfigurations = (
				256111DF28009EDE003A6B75 /* Debug */,
				256111E028009EDE003A6B75 /* Release */,
			);
			defaultConfigurationIsVisible = 0;
			defaultConfigurationName = Release;
		};
		25C47F7124408F5500A4F91F /* Build configuration list for PBXProject "Covid-19 Tracker" */ = {
			isa = XCConfigurationList;
			buildConfigurations = (
				25C47F8824408F5900A4F91F /* Debug */,
				25C47F8924408F5900A4F91F /* Release */,
			);
			defaultConfigurationIsVisible = 0;
			defaultConfigurationName = Release;
		};
		25C47F8A24408F5900A4F91F /* Build configuration list for PBXNativeTarget "Covid-19 Tracker" */ = {
			isa = XCConfigurationList;
			buildConfigurations = (
				25C47F8B24408F5900A4F91F /* Debug */,
				25C47F8C24408F5900A4F91F /* Release */,
			);
			defaultConfigurationIsVisible = 0;
			defaultConfigurationName = Release;
		};
/* End XCConfigurationList section */
	};
	rootObject = 25C47F6E24408F5500A4F91F /* Project object */;
}
